// !$*UTF8*$!
{
	archiveVersion = 1;
	classes = {
	};
	objectVersion = 50;
	objects = {

/* Begin PBXBuildFile section */
		AF4C018623FBD13400F5F584 /* ZMZViewController.m in Sources */ = {isa = PBXBuildFile; fileRef = AF4C018523FBD13400F5F584 /* ZMZViewController.m */; };
		AF8BAF8523F941DF000AACA1 /* AppDelegate.m in Sources */ = {isa = PBXBuildFile; fileRef = AF8BAF8423F941DF000AACA1 /* AppDelegate.m */; };
		AF8BAF8823F941DF000AACA1 /* SceneDelegate.m in Sources */ = {isa = PBXBuildFile; fileRef = AF8BAF8723F941DF000AACA1 /* SceneDelegate.m */; };
		AF8BAF8B23F941DF000AACA1 /* ViewController.m in Sources */ = {isa = PBXBuildFile; fileRef = AF8BAF8A23F941DF000AACA1 /* ViewController.m */; };
		AF8BAF8E23F941DF000AACA1 /* Main.storyboard in Resources */ = {isa = PBXBuildFile; fileRef = AF8BAF8C23F941DF000AACA1 /* Main.storyboard */; };
		AF8BAF9023F941E0000AACA1 /* Assets.xcassets in Resources */ = {isa = PBXBuildFile; fileRef = AF8BAF8F23F941E0000AACA1 /* Assets.xcassets */; };
		AF8BAF9323F941E0000AACA1 /* LaunchScreen.storyboard in Resources */ = {isa = PBXBuildFile; fileRef = AF8BAF9123F941E0000AACA1 /* LaunchScreen.storyboard */; };
		AF8BAF9623F941E0000AACA1 /* main.m in Sources */ = {isa = PBXBuildFile; fileRef = AF8BAF9523F941E0000AACA1 /* main.m */; };
		AFDD455823FE104E00EFEBBD /* MZVideoCollectionViewController.m in Sources */ = {isa = PBXBuildFile; fileRef = AFDD455723FE104E00EFEBBD /* MZVideoCollectionViewController.m */; };
/* End PBXBuildFile section */

/* Begin PBXFileReference section */
		AF4C018423FBD13400F5F584 /* ZMZViewController.h */ = {isa = PBXFileReference; lastKnownFileType = sourcecode.c.h; path = ZMZViewController.h; sourceTree = "<group>"; };
		AF4C018523FBD13400F5F584 /* ZMZViewController.m */ = {isa = PBXFileReference; lastKnownFileType = sourcecode.c.objc; path = ZMZViewController.m; sourceTree = "<group>"; };
		AF8BAF8023F941DF000AACA1 /* SimpleApp.app */ = {isa = PBXFileReference; explicitFileType = wrapper.application; includeInIndex = 0; path = SimpleApp.app; sourceTree = BUILT_PRODUCTS_DIR; };
		AF8BAF8323F941DF000AACA1 /* AppDelegate.h */ = {isa = PBXFileReference; lastKnownFileType = sourcecode.c.h; path = AppDelegate.h; sourceTree = "<group>"; };
		AF8BAF8423F941DF000AACA1 /* AppDelegate.m */ = {isa = PBXFileReference; lastKnownFileType = sourcecode.c.objc; path = AppDelegate.m; sourceTree = "<group>"; };
		AF8BAF8623F941DF000AACA1 /* SceneDelegate.h */ = {isa = PBXFileReference; lastKnownFileType = sourcecode.c.h; path = SceneDelegate.h; sourceTree = "<group>"; };
		AF8BAF8723F941DF000AACA1 /* SceneDelegate.m */ = {isa = PBXFileReference; lastKnownFileType = sourcecode.c.objc; path = SceneDelegate.m; sourceTree = "<group>"; };
		AF8BAF8923F941DF000AACA1 /* ViewController.h */ = {isa = PBXFileReference; lastKnownFileType = sourcecode.c.h; path = ViewController.h; sourceTree = "<group>"; };
		AF8BAF8A23F941DF000AACA1 /* ViewController.m */ = {isa = PBXFileReference; lastKnownFileType = sourcecode.c.objc; path = ViewController.m; sourceTree = "<group>"; };
		AF8BAF8D23F941DF000AACA1 /* Base */ = {isa = PBXFileReference; lastKnownFileType = file.storyboard; name = Base; path = Base.lproj/Main.storyboard; sourceTree = "<group>"; };
		AF8BAF8F23F941E0000AACA1 /* Assets.xcassets */ = {isa = PBXFileReference; lastKnownFileType = folder.assetcatalog; path = Assets.xcassets; sourceTree = "<group>"; };
		AF8BAF9223F941E0000AACA1 /* Base */ = {isa = PBXFileReference; lastKnownFileType = file.storyboard; name = Base; path = Base.lproj/LaunchScreen.storyboard; sourceTree = "<group>"; };
		AF8BAF9423F941E0000AACA1 /* Info.plist */ = {isa = PBXFileReference; lastKnownFileType = text.plist.xml; path = Info.plist; sourceTree = "<group>"; };
		AF8BAF9523F941E0000AACA1 /* main.m */ = {isa = PBXFileReference; lastKnownFileType = sourcecode.c.objc; path = main.m; sourceTree = "<group>"; };
		AFDD455623FE104E00EFEBBD /* MZVideoCollectionViewController.h */ = {isa = PBXFileReference; lastKnownFileType = sourcecode.c.h; path = MZVideoCollectionViewController.h; sourceTree = "<group>"; };
		AFDD455723FE104E00EFEBBD /* MZVideoCollectionViewController.m */ = {isa = PBXFileReference; lastKnownFileType = sourcecode.c.objc; path = MZVideoCollectionViewController.m; sourceTree = "<group>"; };
/* End PBXFileReference section */

/* Begin PBXFrameworksBuildPhase section */
		AF8BAF7D23F941DF000AACA1 /* Frameworks */ = {
			isa = PBXFrameworksBuildPhase;
			buildActionMask = 2147483647;
			files = (
			);
			runOnlyForDeploymentPostprocessing = 0;
		};
/* End PBXFrameworksBuildPhase section */

/* Begin PBXGroup section */
		AF8BAF7723F941DF000AACA1 = {
			isa = PBXGroup;
			children = (
				AF8BAF8223F941DF000AACA1 /* SimpleApp */,
				AF8BAF8123F941DF000AACA1 /* Products */,
			);
			sourceTree = "<group>";
		};
		AF8BAF8123F941DF000AACA1 /* Products */ = {
			isa = PBXGroup;
			children = (
				AF8BAF8023F941DF000AACA1 /* SimpleApp.app */,
			);
			name = Products;
			sourceTree = "<group>";
		};
		AF8BAF8223F941DF000AACA1 /* SimpleApp */ = {
			isa = PBXGroup;
			children = (
				AF8BAF8323F941DF000AACA1 /* AppDelegate.h */,
				AF8BAF8423F941DF000AACA1 /* AppDelegate.m */,
				AF8BAF8623F941DF000AACA1 /* SceneDelegate.h */,
				AF8BAF8723F941DF000AACA1 /* SceneDelegate.m */,
				AF8BAF8923F941DF000AACA1 /* ViewController.h */,
				AF8BAF8A23F941DF000AACA1 /* ViewController.m */,
				AFDD455623FE104E00EFEBBD /* MZVideoCollectionViewController.h */,
				AFDD455723FE104E00EFEBBD /* MZVideoCollectionViewController.m */,
				AF8BAF8C23F941DF000AACA1 /* Main.storyboard */,
				AF8BAF8F23F941E0000AACA1 /* Assets.xcassets */,
				AF8BAF9123F941E0000AACA1 /* LaunchScreen.storyboard */,
				AF8BAF9423F941E0000AACA1 /* Info.plist */,
				AF8BAF9523F941E0000AACA1 /* main.m */,
				AF4C018423FBD13400F5F584 /* ZMZViewController.h */,
				AF4C018523FBD13400F5F584 /* ZMZViewController.m */,
			);
			path = SimpleApp;
			sourceTree = "<group>";
		};
/* End PBXGroup section */

/* Begin PBXNativeTarget section */
		AF8BAF7F23F941DF000AACA1 /* SimpleApp */ = {
			isa = PBXNativeTarget;
			buildConfigurationList = AF8BAF9923F941E0000AACA1 /* Build configuration list for PBXNativeTarget "SimpleApp" */;
			buildPhases = (
				AF8BAF7C23F941DF000AACA1 /* Sources */,
				AF8BAF7D23F941DF000AACA1 /* Frameworks */,
				AF8BAF7E23F941DF000AACA1 /* Resources */,
			);
			buildRules = (
			);
			dependencies = (
			);
			name = SimpleApp;
			productName = SimpleApp;
			productReference = AF8BAF8023F941DF000AACA1 /* SimpleApp.app */;
			productType = "com.apple.product-type.application";
		};
/* End PBXNativeTarget section */

/* Begin PBXProject section */
		AF8BAF7823F941DF000AACA1 /* Project object */ = {
			isa = PBXProject;
			attributes = {
				LastUpgradeCheck = 1130;
				ORGANIZATIONNAME = MaggieZ;
				TargetAttributes = {
					AF8BAF7F23F941DF000AACA1 = {
						CreatedOnToolsVersion = 11.3.1;
					};
				};
			};
			buildConfigurationList = AF8BAF7B23F941DF000AACA1 /* Build configuration list for PBXProject "SimpleApp" */;
			compatibilityVersion = "Xcode 9.3";
			developmentRegion = en;
			hasScannedForEncodings = 0;
			knownRegions = (
				en,
				Base,
			);
			mainGroup = AF8BAF7723F941DF000AACA1;
			productRefGroup = AF8BAF8123F941DF000AACA1 /* Products */;
			projectDirPath = "";
			projectRoot = "";
			targets = (
				AF8BAF7F23F941DF000AACA1 /* SimpleApp */,
			);
		};
/* End PBXProject section */

/* Begin PBXResourcesBuildPhase section */
		AF8BAF7E23F941DF000AACA1 /* Resources */ = {
			isa = PBXResourcesBuildPhase;
			buildActionMask = 2147483647;
			files = (
				AF8BAF9323F941E0000AACA1 /* LaunchScreen.storyboard in Resources */,
				AF8BAF9023F941E0000AACA1 /* Assets.xcassets in Resources */,
				AF8BAF8E23F941DF000AACA1 /* Main.storyboard in Resources */,
			);
			runOnlyForDeploymentPostprocessing = 0;
		};
/* End PBXResourcesBuildPhase section */

/* Begin PBXSourcesBuildPhase section */
		AF8BAF7C23F941DF000AACA1 /* Sources */ = {
			isa = PBXSourcesBuildPhase;
			buildActionMask = 2147483647;
			files = (
				AF8BAF8B23F941DF000AACA1 /* ViewController.m in Sources */,
				AF8BAF8523F941DF000AACA1 /* AppDelegate.m in Sources */,
				AF8BAF9623F941E0000AACA1 /* main.m in Sources */,
				AF8BAF8823F941DF000AACA1 /* SceneDelegate.m in Sources */,
				AF4C018623FBD13400F5F584 /* ZMZViewController.m in Sources */,
				AFDD455823FE104E00EFEBBD /* MZVideoCollectionViewController.m in Sources */,
			);
			runOnlyForDeploymentPostprocessing = 0;
		};
/* End PBXSourcesBuildPhase section */

/* Begin PBXVariantGroup section */
		AF8BAF8C23F941DF000AACA1 /* Main.storyboard */ = {
			isa = PBXVariantGroup;
			children = (
				AF8BAF8D23F941DF000AACA1 /* Base */,
			);
			name = Main.storyboard;
			sourceTree = "<group>";
		};
		AF8BAF9123F941E0000AACA1 /* LaunchScreen.storyboard */ = {
			isa = PBXVariantGroup;
			children = (
				AF8BAF9223F941E0000AACA1 /* Base */,
			);
			name = LaunchScreen.storyboard;
			sourceTree = "<group>";
		};
/* End PBXVariantGroup section */

/* Begin XCBuildConfiguration section */
		AF8BAF9723F941E0000AACA1 /* Debug */ = {
			isa = XCBuildConfiguration;
			buildSettings = {
				ALWAYS_SEARCH_USER_PATHS = NO;
				CLANG_ANALYZER_NONNULL = YES;
				CLANG_ANALYZER_NUMBER_OBJECT_CONVERSION = YES_AGGRESSIVE;
				CLANG_CXX_LANGUAGE_STANDARD = "gnu++14";
				CLANG_CXX_LIBRARY = "libc++";
				CLANG_ENABLE_MODULES = YES;
				CLANG_ENABLE_OBJC_ARC = YES;
				CLANG_ENABLE_OBJC_WEAK = YES;
				CLANG_WARN_BLOCK_CAPTURE_AUTORELEASING = YES;
				CLANG_WARN_BOOL_CONVERSION = YES;
				CLANG_WARN_COMMA = YES;
				CLANG_WARN_CONSTANT_CONVERSION = YES;
				CLANG_WARN_DEPRECATED_OBJC_IMPLEMENTATIONS = YES;
				CLANG_WARN_DIRECT_OBJC_ISA_USAGE = YES_ERROR;
				CLANG_WARN_DOCUMENTATION_COMMENTS = YES;
				CLANG_WARN_EMPTY_BODY = YES;
				CLANG_WARN_ENUM_CONVERSION = YES;
				CLANG_WARN_INFINITE_RECURSION = YES;
				CLANG_WARN_INT_CONVERSION = YES;
				CLANG_WARN_NON_LITERAL_NULL_CONVERSION = YES;
				CLANG_WARN_OBJC_IMPLICIT_RETAIN_SELF = YES;
				CLANG_WARN_OBJC_LITERAL_CONVERSION = YES;
				CLANG_WARN_OBJC_ROOT_CLASS = YES_ERROR;
				CLANG_WARN_RANGE_LOOP_ANALYSIS = YES;
				CLANG_WARN_STRICT_PROTOTYPES = YES;
				CLANG_WARN_SUSPICIOUS_MOVE = YES;
				CLANG_WARN_UNGUARDED_AVAILABILITY = YES_AGGRESSIVE;
				CLANG_WARN_UNREACHABLE_CODE = YES;
				CLANG_WARN__DUPLICATE_METHOD_MATCH = YES;
				COPY_PHASE_STRIP = NO;
				DEBUG_INFORMATION_FORMAT = dwarf;
				ENABLE_STRICT_OBJC_MSGSEND = YES;
				ENABLE_TESTABILITY = YES;
				GCC_C_LANGUAGE_STANDARD = gnu11;
				GCC_DYNAMIC_NO_PIC = NO;
				GCC_NO_COMMON_BLOCKS = YES;
				GCC_OPTIMIZATION_LEVEL = 0;
				GCC_PREPROCESSOR_DEFINITIONS = (
					"DEBUG=1",
					"$(inherited)",
				);
				GCC_WARN_64_TO_32_BIT_CONVERSION = YES;
				GCC_WARN_ABOUT_RETURN_TYPE = YES_ERROR;
				GCC_WARN_UNDECLARED_SELECTOR = YES;
				GCC_WARN_UNINITIALIZED_AUTOS = YES_AGGRESSIVE;
				GCC_WARN_UNUSED_FUNCTION = YES;
				GCC_WARN_UNUSED_VARIABLE = YES;
				IPHONEOS_DEPLOYMENT_TARGET = 13.2;
				MTL_ENABLE_DEBUG_INFO = INCLUDE_SOURCE;
				MTL_FAST_MATH = YES;
				ONLY_ACTIVE_ARCH = YES;
				SDKROOT = iphoneos;
			};
			name = Debug;
		};
		AF8BAF9823F941E0000AACA1 /* Release */ = {
			isa = XCBuildConfiguration;
			buildSettings = {
				ALWAYS_SEARCH_USER_PATHS = NO;
				CLANG_ANALYZER_NONNULL = YES;
				CLANG_ANALYZER_NUMBER_OBJECT_CONVERSION = YES_AGGRESSIVE;
				CLANG_CXX_LANGUAGE_STANDARD = "gnu++14";
				CLANG_CXX_LIBRARY = "libc++";
				CLANG_ENABLE_MODULES = YES;
				CLANG_ENABLE_OBJC_ARC = YES;
				CLANG_ENABLE_OBJC_WEAK = YES;
				CLANG_WARN_BLOCK_CAPTURE_AUTORELEASING = YES;
				CLANG_WARN_BOOL_CONVERSION = YES;
				CLANG_WARN_COMMA = YES;
				CLANG_WARN_CONSTANT_CONVERSION = YES;
				CLANG_WARN_DEPRECATED_OBJC_IMPLEMENTATIONS = YES;
				CLANG_WARN_DIRECT_OBJC_ISA_USAGE = YES_ERROR;
				CLANG_WARN_DOCUMENTATION_COMMENTS = YES;
				CLANG_WARN_EMPTY_BODY = YES;
				CLANG_WARN_ENUM_CONVERSION = YES;
				CLANG_WARN_INFINITE_RECURSION = YES;
				CLANG_WARN_INT_CONVERSION = YES;
				CLANG_WARN_NON_LITERAL_NULL_CONVERSION = YES;
				CLANG_WARN_OBJC_IMPLICIT_RETAIN_SELF = YES;
				CLANG_WARN_OBJC_LITERAL_CONVERSION = YES;
				CLANG_WARN_OBJC_ROOT_CLASS = YES_ERROR;
				CLANG_WARN_RANGE_LOOP_ANALYSIS = YES;
				CLANG_WARN_STRICT_PROTOTYPES = YES;
				CLANG_WARN_SUSPICIOUS_MOVE = YES;
				CLANG_WARN_UNGUARDED_AVAILABILITY = YES_AGGRESSIVE;
				CLANG_WARN_UNREACHABLE_CODE = YES;
				CLANG_WARN__DUPLICATE_METHOD_MATCH = YES;
				COPY_PHASE_STRIP = NO;
				DEBUG_INFORMATION_FORMAT = "dwarf-with-dsym";
				ENABLE_NS_ASSERTIONS = NO;
				ENABLE_STRICT_OBJC_MSGSEND = YES;
				GCC_C_LANGUAGE_STANDARD = gnu11;
				GCC_NO_COMMON_BLOCKS = YES;
				GCC_WARN_64_TO_32_BIT_CONVERSION = YES;
				GCC_WARN_ABOUT_RETURN_TYPE = YES_ERROR;
				GCC_WARN_UNDECLARED_SELECTOR = YES;
				GCC_WARN_UNINITIALIZED_AUTOS = YES_AGGRESSIVE;
				GCC_WARN_UNUSED_FUNCTION = YES;
				GCC_WARN_UNUSED_VARIABLE = YES;
				IPHONEOS_DEPLOYMENT_TARGET = 13.2;
				MTL_ENABLE_DEBUG_INFO = NO;
				MTL_FAST_MATH = YES;
				SDKROOT = iphoneos;
				VALIDATE_PRODUCT = YES;
			};
			name = Release;
		};
		AF8BAF9A23F941E0000AACA1 /* Debug */ = {
			isa = XCBuildConfiguration;
			buildSettings = {
				ASSETCATALOG_COMPILER_APPICON_NAME = AppIcon;
				CODE_SIGN_STYLE = Automatic;
				INFOPLIST_FILE = SimpleApp/Info.plist;
				LD_RUNPATH_SEARCH_PATHS = (
					"$(inherited)",
					"@executable_path/Frameworks",
				);
				PRODUCT_BUNDLE_IDENTIFIER = com.maggie.SimpleApp;
				PRODUCT_NAME = "$(TARGET_NAME)";
				TARGETED_DEVICE_FAMILY = "1,2";
			};
			name = Debug;
		};
		AF8BAF9B23F941E0000AACA1 /* Release */ = {
			isa = XCBuildConfiguration;
			buildSettings = {
				ASSETCATALOG_COMPILER_APPICON_NAME = AppIcon;
				CODE_SIGN_STYLE = Automatic;
				INFOPLIST_FILE = SimpleApp/Info.plist;
				LD_RUNPATH_SEARCH_PATHS = (
					"$(inherited)",
					"@executable_path/Frameworks",
				);
				PRODUCT_BUNDLE_IDENTIFIER = com.maggie.SimpleApp;
				PRODUCT_NAME = "$(TARGET_NAME)";
				TARGETED_DEVICE_FAMILY = "1,2";
			};
			name = Release;
		};
/* End XCBuildConfiguration section */

/* Begin XCConfigurationList section */
		AF8BAF7B23F941DF000AACA1 /* Build configuration list for PBXProject "SimpleApp" */ = {
			isa = XCConfigurationList;
			buildConfigurations = (
				AF8BAF9723F941E0000AACA1 /* Debug */,
				AF8BAF9823F941E0000AACA1 /* Release */,
			);
			defaultConfigurationIsVisible = 0;
			defaultConfigurationName = Release;
		};
		AF8BAF9923F941E0000AACA1 /* Build configuration list for PBXNativeTarget "SimpleApp" */ = {
			isa = XCConfigurationList;
			buildConfigurations = (
				AF8BAF9A23F941E0000AACA1 /* Debug */,
				AF8BAF9B23F941E0000AACA1 /* Release */,
			);
			defaultConfigurationIsVisible = 0;
			defaultConfigurationName = Release;
		};
/* End XCConfigurationList section */
	};
	rootObject = AF8BAF7823F941DF000AACA1 /* Project object */;
}
